{
  "name": "esc-file-replace-substring",
  "version": "0.2.3",
  "lockfileVersion": 3,
  "requires": true,
  "packages": {
    "": {
      "name": "esc-file-replace-substring",
      "version": "0.2.3",
      "license": "MIT",
      "dependencies": {
        "esc-colors": "^0.1.5"
      }
    },
    "node_modules/esc-colors": {
      "version": "0.1.5",
      "resolved": "https://registry.npmjs.org/esc-colors/-/esc-colors-0.1.5.tgz",
      "integrity": "sha512-Ue0/WIPlXXbEg9EBYmMxMhPh15nhRLz7VrU9pUuIvYdLrEh4CGnEOMT68UA+og5mdmfqf6o5bpPYtUxbCgm/Sg=="
    }
  }
}
